{
  "name": "threadroom",
  "version": "0.1.0",
  "lockfileVersion": 3,
  "requires": true,
  "packages": {
    "": {
      "name": "threadroom",
      "version": "0.1.0",
      "workspaces": [
        "packages/*"
      ],
      "engines": {
        "node": ">=24"
      }
    },
    "node_modules/threadroom-pi": {
      "resolved": "packages/pi-extension",
      "link": true
    },
    "packages/pi-extension": {
      "name": "threadroom-pi",
      "version": "0.0.0"
    }
  }
}
